<?xml version="1.0" encoding="utf-8"?>
<Project ToolsVersion="4.0" xmlns:atg="http://atg.xbox.com" xmlns="http://schemas.microsoft.com/developer/msbuild/2003">
  <ItemGroup>
    <Filter Include="Resource Files">
      <UniqueIdentifier>{8e114980-c1a3-4ada-ad7c-83caadf5daeb}</UniqueIdentifier>
      <Extensions>rc;ico;cur;bmp;dlg;rc2;rct;bin;rgs;gif;jpg;jpeg;jpe</Extensions>
    </Filter>
    <Filter Include="DXUT">
      <UniqueIdentifier>{a43c5c25-0e86-4a20-b64a-883785ff74fd}</UniqueIdentifier>
    </Filter>
    <Filter Include="Shaders">
      <UniqueIdentifier>{2c3d4c8c-5d1a-459a-a05a-a4e4b608a44e}</UniqueIdentifier>
      <Extensions>fx;fxh;hlsl</Extensions>
    </Filter>
    <Filter Include="Engine">
      <UniqueIdentifier>{cda816d8-f24c-416c-abdc-3eda9001db1a}</UniqueIdentifier>
    </Filter>
    <Filter Include="Engine\Asset">
      <UniqueIdentifier>{d50b3b10-4f82-4708-aa92-82f583bd78d3}</UniqueIdentifier>
    </Filter>
    <Filter Include="Engine\World">
      <UniqueIdentifier>{81bcb168-6e83-4c1d-9437-58e203a8f2ed}</UniqueIdentifier>
    </Filter>
    <Filter Include="Engine\Texture">
      <UniqueIdentifier>{bb85e512-0549-4483-a1e6-ba7b1f36a264}</UniqueIdentifier>
    </Filter>
    <Filter Include="Engine\Sprite">
      <UniqueIdentifier>{9eec3b6b-f2d0-470a-adc0-5f23844398d6}</UniqueIdentifier>
    </Filter>
    <Filter Include="Engine\Entity">
      <UniqueIdentifier>{107d8f98-0abd-45d8-865b-c6b035d42fd9}</UniqueIdentifier>
    </Filter>
    <Filter Include="Engine\Animation">
      <UniqueIdentifier>{e92b8bb3-0599-4d0a-b262-66041fcbfd07}</UniqueIdentifier>
    </Filter>
    <Filter Include="Engine\Emitter">
      <UniqueIdentifier>{f257321d-7cc4-4c3f-8c30-0b6aa87e41a7}</UniqueIdentifier>
    </Filter>
    <Filter Include="Game">
      <UniqueIdentifier>{6a272c80-08ac-4001-af49-6bbb337f0baa}</UniqueIdentifier>
    </Filter>
    <Filter Include="Engine\Text">
      <UniqueIdentifier>{fabac2b4-f0bd-4d5d-b572-0c7fef66f8e5}</UniqueIdentifier>
    </Filter>
    <Filter Include="Engine\Scene">
      <UniqueIdentifier>{8a4a862d-2456-42fe-8443-db636577cea2}</UniqueIdentifier>
    </Filter>
    <Filter Include="Engine\Timer">
      <UniqueIdentifier>{f0f7dd54-fe7f-4968-9ee8-57b57c5e2ecf}</UniqueIdentifier>
    </Filter>
    <Filter Include="Game\Player">
      <UniqueIdentifier>{29c6f30c-8ed1-4e38-b5b9-3cb8d5d4bb69}</UniqueIdentifier>
    </Filter>
    <Filter Include="Game\Weapon">
      <UniqueIdentifier>{36bb5fff-b6cc-437c-92ff-999692930e39}</UniqueIdentifier>
    </Filter>
    <Filter Include="Game\Scene">
      <UniqueIdentifier>{eb2df773-deea-4b06-96d8-4c7a60f95a8d}</UniqueIdentifier>
    </Filter>
    <Filter Include="Game\Scene\GameScene">
      <UniqueIdentifier>{3f5cf77d-5a8b-48c0-b01d-bd92dcab2832}</UniqueIdentifier>
    </Filter>
    <Filter Include="Game\Bullet">
      <UniqueIdentifier>{b09eaae7-8a17-4cd5-820f-bb9099765f5f}</UniqueIdentifier>
    </Filter>
    <Filter Include="Game\Enemy">
      <UniqueIdentifier>{211c615c-dd89-4e64-b7ca-9a51553f9cae}</UniqueIdentifier>
    </Filter>
    <Filter Include="Game\Manager">
      <UniqueIdentifier>{28b88ce2-9ee2-4bc1-be51-4bb512d2bec8}</UniqueIdentifier>
    </Filter>
    <Filter Include="Game\Manager\GameManager">
      <UniqueIdentifier>{e6e9d10f-a6e8-448e-a547-1ded0e0984ff}</UniqueIdentifier>
    </Filter>
    <Filter Include="Game\Enemy\BoomEnemy">
      <UniqueIdentifier>{c2e1a28b-634b-477c-9672-d5d61ce7d098}</UniqueIdentifier>
    </Filter>
    <Filter Include="Game\Enemy\ShooterEnemy">
      <UniqueIdentifier>{d80fbae3-67ed-4a6e-91d8-fc5dc7bd0273}</UniqueIdentifier>
    </Filter>
    <Filter Include="Game\Effect">
      <UniqueIdentifier>{abcea687-a46d-44b2-b9d9-03e73bdaf046}</UniqueIdentifier>
    </Filter>
    <Filter Include="Game\Scene\MainScene">
      <UniqueIdentifier>{1cc1d5ec-9070-4f7c-a61f-951f43cf2aeb}</UniqueIdentifier>
    </Filter>
    <Filter Include="Game\Ground">
      <UniqueIdentifier>{6b99b5dc-3780-4f5f-ab73-202e961058a2}</UniqueIdentifier>
    </Filter>
    <Filter Include="Game\Obstacle">
      <UniqueIdentifier>{cf8d8c95-c06e-47df-a759-6c89e46ae44c}</UniqueIdentifier>
    </Filter>
    <Filter Include="Game\Enemy\Boss1">
      <UniqueIdentifier>{0ac75463-60c5-467f-a8f1-a6ba8ab566c8}</UniqueIdentifier>
    </Filter>
    <Filter Include="Game\Item">
      <UniqueIdentifier>{f6949796-4d6b-4725-a51f-a81b5d538573}</UniqueIdentifier>
    </Filter>
    <Filter Include="Game\SavePoint">
      <UniqueIdentifier>{8bb47655-165b-49b3-88bc-a40eb307f06b}</UniqueIdentifier>
    </Filter>
    <Filter Include="Game\Scene\ShopScene">
      <UniqueIdentifier>{304cda7f-a0e6-42b7-92b4-7fc945e7ee66}</UniqueIdentifier>
    </Filter>
    <Filter Include="Game\Scene\RankScene">
      <UniqueIdentifier>{9f7286ae-3d4b-49ac-9bde-f0316f03064d}</UniqueIdentifier>
    </Filter>
    <Filter Include="Game\Enemy\Boss2">
      <UniqueIdentifier>{9cd329e9-79f3-45d1-9a5f-f378fc7ccc2a}</UniqueIdentifier>
    </Filter>
    <Filter Include="Game\Scene\ViewRankingScene">
      <UniqueIdentifier>{fd92fbb6-f5fe-4101-b1aa-b5c2c9958181}</UniqueIdentifier>
    </Filter>
  </ItemGroup>
  <ItemGroup>
    <None Include="DXUT\Optional\directx.ico">
      <Filter>Resource Files</Filter>
    </None>
    <ClInclude Include="DXUT\Core\DXUT.h">
      <Filter>DXUT</Filter>
    </ClInclude>
    <ClInclude Include="DXUT\Core\DXUTenum.h">
      <Filter>DXUT</Filter>
    </ClInclude>
    <ClInclude Include="DXUT\Core\DXUTmisc.h">
      <Filter>DXUT</Filter>
    </ClInclude>
    <ClCompile Include="DXUT\Core\DXUT.cpp">
      <Filter>DXUT</Filter>
    </ClCompile>
    <ClCompile Include="DXUT\Core\DXUTenum.cpp">
      <Filter>DXUT</Filter>
    </ClCompile>
    <ClCompile Include="DXUT\Core\DXUTmisc.cpp">
      <Filter>DXUT</Filter>
    </ClCompile>
    <ClInclude Include="DXUT\Optional\DXUTcamera.h">
      <Filter>DXUT</Filter>
    </ClInclude>
    <ClInclude Include="DXUT\Optional\DXUTgui.h">
      <Filter>DXUT</Filter>
    </ClInclude>
    <ClInclude Include="DXUT\Optional\DXUTres.h">
      <Filter>DXUT</Filter>
    </ClInclude>
    <ClInclude Include="DXUT\Optional\DXUTsettingsdlg.h">
      <Filter>DXUT</Filter>
    </ClInclude>
    <ClInclude Include="DXUT\Optional\SDKmesh.h">
      <Filter>DXUT</Filter>
    </ClInclude>
    <ClInclude Include="DXUT\Optional\SDKmisc.h">
      <Filter>DXUT</Filter>
    </ClInclude>
    <ClCompile Include="DXUT\Optional\DXUTcamera.cpp">
      <Filter>DXUT</Filter>
    </ClCompile>
    <ClCompile Include="DXUT\Optional\DXUTgui.cpp">
      <Filter>DXUT</Filter>
    </ClCompile>
    <ClCompile Include="DXUT\Optional\DXUTres.cpp">
      <Filter>DXUT</Filter>
    </ClCompile>
    <ClCompile Include="DXUT\Optional\DXUTsettingsdlg.cpp">
      <Filter>DXUT</Filter>
    </ClCompile>
    <ClCompile Include="DXUT\Optional\SDKmesh.cpp">
      <Filter>DXUT</Filter>
    </ClCompile>
    <ClCompile Include="DXUT\Optional\SDKmisc.cpp">
      <Filter>DXUT</Filter>
    </ClCompile>
  </ItemGroup>
  <ItemGroup>
    <ClCompile Include="Asset.cpp">
      <Filter>Engine\Asset</Filter>
    </ClCompile>
    <ClCompile Include="Texture.cpp">
      <Filter>Engine\Texture</Filter>
    </ClCompile>
    <ClCompile Include="World.cpp">
      <Filter>Engine\World</Filter>
    </ClCompile>
    <ClCompile Include="Entity.cpp">
      <Filter>Engine\Entity</Filter>
    </ClCompile>
    <ClCompile Include="Sprite.cpp">
      <Filter>Engine\Sprite</Filter>
    </ClCompile>
    <ClCompile Include="Animation.cpp">
      <Filter>Engine\Animation</Filter>
    </ClCompile>
    <ClCompile Include="Emitter.cpp">
      <Filter>Engine\Emitter</Filter>
    </ClCompile>
    <ClCompile Include="main.cpp">
      <Filter>Engine</Filter>
    </ClCompile>
    <ClCompile Include="Text.cpp">
      <Filter>Engine\Text</Filter>
    </ClCompile>
    <ClCompile Include="DXUT\Optional\SDKsound.cpp">
      <Filter>DXUT</Filter>
    </ClCompile>
    <ClCompile Include="DXUT\Optional\SDKwavefile.cpp">
      <Filter>DXUT</Filter>
    </ClCompile>
    <ClCompile Include="Scene.cpp">
      <Filter>Engine\Scene</Filter>
    </ClCompile>
    <ClCompile Include="Timer.cpp">
      <Filter>Engine\Timer</Filter>
    </ClCompile>
    <ClCompile Include="Player.cpp">
      <Filter>Game\Player</Filter>
    </ClCompile>
    <ClCompile Include="Weapon.cpp">
      <Filter>Game\Weapon</Filter>
    </ClCompile>
    <ClCompile Include="GameScene.cpp">
      <Filter>Game\Scene\GameScene</Filter>
    </ClCompile>
    <ClCompile Include="Bullet.cpp">
      <Filter>Game\Bullet</Filter>
    </ClCompile>
    <ClCompile Include="Enemy.cpp">
      <Filter>Game\Enemy</Filter>
    </ClCompile>
    <ClCompile Include="GameManager.cpp">
      <Filter>Game\Manager\GameManager</Filter>
    </ClCompile>
    <ClCompile Include="BoomEnemy.cpp">
      <Filter>Game\Enemy\BoomEnemy</Filter>
    </ClCompile>
    <ClCompile Include="ShooterEnemy.cpp">
      <Filter>Game\Enemy\ShooterEnemy</Filter>
    </ClCompile>
    <ClCompile Include="Effect.cpp">
      <Filter>Game\Effect</Filter>
    </ClCompile>
    <ClCompile Include="MainScene.cpp">
      <Filter>Game\Scene\MainScene</Filter>
    </ClCompile>
    <ClCompile Include="Ground.cpp">
      <Filter>Game\Ground</Filter>
    </ClCompile>
    <ClCompile Include="Obstacle.cpp">
      <Filter>Game\Obstacle</Filter>
    </ClCompile>
    <ClCompile Include="Boss1.cpp">
      <Filter>Game\Enemy\Boss1</Filter>
    </ClCompile>
    <ClCompile Include="SavePoint.cpp">
      <Filter>Game\SavePoint</Filter>
    </ClCompile>
    <ClCompile Include="Item.cpp">
      <Filter>Game\Item</Filter>
    </ClCompile>
    <ClCompile Include="ShopScene.cpp">
      <Filter>Game\Scene\ShopScene</Filter>
    </ClCompile>
    <ClCompile Include="RankScene.cpp">
      <Filter>Game\Scene\RankScene</Filter>
    </ClCompile>
    <ClCompile Include="Boss2.cpp">
      <Filter>Game\Enemy\Boss2</Filter>
    </ClCompile>
    <ClCompile Include="ViewRankingScene.cpp">
      <Filter>Game\Scene\ViewRankingScene</Filter>
    </ClCompile>
  </ItemGroup>
  <ItemGroup>
    <ClInclude Include="Asset.h">
      <Filter>Engine\Asset</Filter>
    </ClInclude>
    <ClInclude Include="Texture.h">
      <Filter>Engine\Texture</Filter>
    </ClInclude>
    <ClInclude Include="World.h">
      <Filter>Engine\World</Filter>
    </ClInclude>
    <ClInclude Include="Entity.h">
      <Filter>Engine\Entity</Filter>
    </ClInclude>
    <ClInclude Include="Sprite.h">
      <Filter>Engine\Sprite</Filter>
    </ClInclude>
    <ClInclude Include="Animation.h">
      <Filter>Engine\Animation</Filter>
    </ClInclude>
    <ClInclude Include="Emitter.h">
      <Filter>Engine\Emitter</Filter>
    </ClInclude>
    <ClInclude Include="Define.h">
      <Filter>Engine</Filter>
    </ClInclude>
    <ClInclude Include="Text.h">
      <Filter>Engine\Text</Filter>
    </ClInclude>
    <ClInclude Include="DXUT\Optional\SDKsound.h">
      <Filter>DXUT</Filter>
    </ClInclude>
    <ClInclude Include="DXUT\Optional\SDKwavefile.h">
      <Filter>DXUT</Filter>
    </ClInclude>
    <ClInclude Include="Scene.h">
      <Filter>Engine\Scene</Filter>
    </ClInclude>
    <ClInclude Include="Timer.h">
      <Filter>Engine\Timer</Filter>
    </ClInclude>
    <ClInclude Include="Player.h">
      <Filter>Game\Player</Filter>
    </ClInclude>
    <ClInclude Include="Weapon.h">
      <Filter>Game\Weapon</Filter>
    </ClInclude>
    <ClInclude Include="GameScene.h">
      <Filter>Game\Scene\GameScene</Filter>
    </ClInclude>
    <ClInclude Include="Enum.h">
      <Filter>Game</Filter>
    </ClInclude>
    <ClInclude Include="Bullet.h">
      <Filter>Game\Bullet</Filter>
    </ClInclude>
    <ClInclude Include="GameManager.h">
      <Filter>Game\Manager\GameManager</Filter>
    </ClInclude>
    <ClInclude Include="Enemy.h">
      <Filter>Game\Enemy</Filter>
    </ClInclude>
    <ClInclude Include="BoomEnemy.h">
      <Filter>Game\Enemy\BoomEnemy</Filter>
    </ClInclude>
    <ClInclude Include="ShooterEnemy.h">
      <Filter>Game\Enemy\ShooterEnemy</Filter>
    </ClInclude>
    <ClInclude Include="Effect.h">
      <Filter>Game\Effect</Filter>
    </ClInclude>
    <ClInclude Include="MainScene.h">
      <Filter>Game\Scene\MainScene</Filter>
    </ClInclude>
    <ClInclude Include="Ground.h">
      <Filter>Game\Ground</Filter>
    </ClInclude>
    <ClInclude Include="Obstacle.h">
      <Filter>Game\Obstacle</Filter>
    </ClInclude>
    <ClInclude Include="Boss1.h">
      <Filter>Game\Enemy\Boss1</Filter>
    </ClInclude>
    <ClInclude Include="SavePoint.h">
      <Filter>Game\SavePoint</Filter>
    </ClInclude>
    <ClInclude Include="Item.h">
      <Filter>Game\Item</Filter>
    </ClInclude>
    <ClInclude Include="ShopScene.h">
      <Filter>Game\Scene\ShopScene</Filter>
    </ClInclude>
    <ClInclude Include="RankScene.h">
      <Filter>Game\Scene\RankScene</Filter>
    </ClInclude>
    <ClInclude Include="Boss2.h">
      <Filter>Game\Enemy\Boss2</Filter>
    </ClInclude>
    <ClInclude Include="ViewRankingScene.h">
      <Filter>Game\Scene\ViewRankingScene</Filter>
    </ClInclude>
  </ItemGroup>
  <ItemGroup>
    <CLInclude Include="resource.h">
      <Filter>Resource Files</Filter>
    </CLInclude>
    <ResourceCompile Include="Engine Final.rc">
      <Filter>Resource Files</Filter>
    </ResourceCompile>
  </ItemGroup>
  <ItemGroup>
  </ItemGroup>
</Project>